
Microsoft Visual Studio Solution File, Format Version 12.00
# Visual Studio Version 17
VisualStudioVersion = 17.4.33213.308
MinimumVisualStudioVersion = 10.0.40219.1
Project("{9A19103F-16F7-4668-BE54-9A1E7A4F7556}") = "EnjoyingCookingAPI", "EnjoyingCookingAPI.csproj", "{D81D5CBD-ED8F-4065-B2E7-E9757E0E6B8B}"
EndProject
Project("{FAE04EC0-301F-11D3-BF4B-00C04F79EFBC}") = "EnjoyingUnitTesting", "..\EnjoyingUnitTesting\EnjoyingUnitTesting.csproj", "{2F83B40D-4771-40DA-A4A0-E081BCAE6D5C}"
EndProject
Global
	GlobalSection(SolutionConfigurationPlatforms) = preSolution
		Debug|Any CPU = Debug|Any CPU
		Release|Any CPU = Release|Any CPU
	EndGlobalSection
	GlobalSection(ProjectConfigurationPlatforms) = postSolution
		{D81D5CBD-ED8F-4065-B2E7-E9757E0E6B8B}.Debug|Any CPU.ActiveCfg = Debug|Any CPU
		{D81D5CBD-ED8F-4065-B2E7-E9757E0E6B8B}.Debug|Any CPU.Build.0 = Debug|Any CPU
		{D81D5CBD-ED8F-4065-B2E7-E9757E0E6B8B}.Release|Any CPU.ActiveCfg = Release|Any CPU
		{D81D5CBD-ED8F-4065-B2E7-E9757E0E6B8B}.Release|Any CPU.Build.0 = Release|Any CPU
		{2F83B40D-4771-40DA-A4A0-E081BCAE6D5C}.Debug|Any CPU.ActiveCfg = Debug|Any CPU
		{2F83B40D-4771-40DA-A4A0-E081BCAE6D5C}.Debug|Any CPU.Build.0 = Debug|Any CPU
		{2F83B40D-4771-40DA-A4A0-E081BCAE6D5C}.Release|Any CPU.ActiveCfg = Release|Any CPU
		{2F83B40D-4771-40DA-A4A0-E081BCAE6D5C}.Release|Any CPU.Build.0 = Release|Any CPU
	EndGlobalSection
	GlobalSection(SolutionProperties) = preSolution
		HideSolutionNode = FALSE
	EndGlobalSection
	GlobalSection(ExtensibilityGlobals) = postSolution
		SolutionGuid = {C1D21D7F-5CB9-45F7-AC36-6C78EBBDC671}
	EndGlobalSection
EndGlobal
